
Microsoft Visual Studio Solution File, Format Version 12.00
# Visual Studio 15
Project("{FAE04EC0-301F-11D3-BF4B-00C04F79EFBC}") = "Assembly-CSharp", "Assembly-CSharp.csproj", "{0E0CE7EF-C013-A1C5-2ECE-E6B681DC0E93}"
EndProject
Project("{FAE04EC0-301F-11D3-BF4B-00C04F79EFBC}") = "Assembly-CSharp-Editor", "Assembly-CSharp-Editor.csproj", "{9C88C1B9-13F2-00D0-DCFE-368CD183EE52}"
EndProject
Global
	GlobalSection(SolutionConfigurationPlatforms) = preSolution
		Debug|Any CPU = Debug|Any CPU
		Release|Any CPU = Release|Any CPU
	EndGlobalSection
	GlobalSection(ProjectConfigurationPlatforms) = postSolution
		{0E0CE7EF-C013-A1C5-2ECE-E6B681DC0E93}.Debug|Any CPU.ActiveCfg = Debug|Any CPU
		{0E0CE7EF-C013-A1C5-2ECE-E6B681DC0E93}.Debug|Any CPU.Build.0 = Debug|Any CPU
		{0E0CE7EF-C013-A1C5-2ECE-E6B681DC0E93}.Release|Any CPU.ActiveCfg = Release|Any CPU
		{0E0CE7EF-C013-A1C5-2ECE-E6B681DC0E93}.Release|Any CPU.Build.0 = Release|Any CPU
		{9C88C1B9-13F2-00D0-DCFE-368CD183EE52}.Debug|Any CPU.ActiveCfg = Debug|Any CPU
		{9C88C1B9-13F2-00D0-DCFE-368CD183EE52}.Debug|Any CPU.Build.0 = Debug|Any CPU
		{9C88C1B9-13F2-00D0-DCFE-368CD183EE52}.Release|Any CPU.ActiveCfg = Release|Any CPU
		{9C88C1B9-13F2-00D0-DCFE-368CD183EE52}.Release|Any CPU.Build.0 = Release|Any CPU
	EndGlobalSection
	GlobalSection(SolutionProperties) = preSolution
		HideSolutionNode = FALSE
	EndGlobalSection
EndGlobal
